// !$*UTF8*$!
{
	archiveVersion = 1;
	classes = {
	};
	objectVersion = 55;
	objects = {

/* Begin PBXBuildFile section */
		6DED05D0283C5F2F00E0DB4C /* AppDelegate.swift in Sources */ = {isa = PBXBuildFile; fileRef = 6DED05CF283C5F2F00E0DB4C /* AppDelegate.swift */; };
		6DED05D2283C5F2F00E0DB4C /* SceneDelegate.swift in Sources */ = {isa = PBXBuildFile; fileRef = 6DED05D1283C5F2F00E0DB4C /* SceneDelegate.swift */; };
		6DED05D4283C5F2F00E0DB4C /* ViewController.swift in Sources */ = {isa = PBXBuildFile; fileRef = 6DED05D3283C5F2F00E0DB4C /* ViewController.swift */; };
		6DED05D7283C5F2F00E0DB4C /* Main.storyboard in Resources */ = {isa = PBXBuildFile; fileRef = 6DED05D5283C5F2F00E0DB4C /* Main.storyboard */; };
		6DED05DA283C5F2F00E0DB4C /* TodoList.xcdatamodeld in Sources */ = {isa = PBXBuildFile; fileRef = 6DED05D8283C5F2F00E0DB4C /* TodoList.xcdatamodeld */; };
		6DED05DC283C5F3100E0DB4C /* Assets.xcassets in Resources */ = {isa = PBXBuildFile; fileRef = 6DED05DB283C5F3100E0DB4C /* Assets.xcassets */; };
		6DED05DF283C5F3100E0DB4C /* LaunchScreen.storyboard in Resources */ = {isa = PBXBuildFile; fileRef = 6DED05DD283C5F3100E0DB4C /* LaunchScreen.storyboard */; };
		6DED05EA283C5F3100E0DB4C /* TodoListTests.swift in Sources */ = {isa = PBXBuildFile; fileRef = 6DED05E9283C5F3100E0DB4C /* TodoListTests.swift */; };
		6DED05F4283C5F3100E0DB4C /* TodoListUITests.swift in Sources */ = {isa = PBXBuildFile; fileRef = 6DED05F3283C5F3100E0DB4C /* TodoListUITests.swift */; };
		6DED05F6283C5F3100E0DB4C /* TodoListUITestsLaunchTests.swift in Sources */ = {isa = PBXBuildFile; fileRef = 6DED05F5283C5F3100E0DB4C /* TodoListUITestsLaunchTests.swift */; };
/* End PBXBuildFile section */

/* Begin PBXContainerItemProxy section */
		6DED05E6283C5F3100E0DB4C /* PBXContainerItemProxy */ = {
			isa = PBXContainerItemProxy;
			containerPortal = 6DED05C4283C5F2F00E0DB4C /* Project object */;
			proxyType = 1;
			remoteGlobalIDString = 6DED05CB283C5F2F00E0DB4C;
			remoteInfo = TodoList;
		};
		6DED05F0283C5F3100E0DB4C /* PBXContainerItemProxy */ = {
			isa = PBXContainerItemProxy;
			containerPortal = 6DED05C4283C5F2F00E0DB4C /* Project object */;
			proxyType = 1;
			remoteGlobalIDString = 6DED05CB283C5F2F00E0DB4C;
			remoteInfo = TodoList;
		};
/* End PBXContainerItemProxy section */

/* Begin PBXFileReference section */
		6DED05CC283C5F2F00E0DB4C /* TodoList.app */ = {isa = PBXFileReference; explicitFileType = wrapper.application; includeInIndex = 0; path = TodoList.app; sourceTree = BUILT_PRODUCTS_DIR; };
		6DED05CF283C5F2F00E0DB4C /* AppDelegate.swift */ = {isa = PBXFileReference; lastKnownFileType = sourcecode.swift; path = AppDelegate.swift; sourceTree = "<group>"; };
		6DED05D1283C5F2F00E0DB4C /* SceneDelegate.swift */ = {isa = PBXFileReference; lastKnownFileType = sourcecode.swift; path = SceneDelegate.swift; sourceTree = "<group>"; };
		6DED05D3283C5F2F00E0DB4C /* ViewController.swift */ = {isa = PBXFileReference; lastKnownFileType = sourcecode.swift; path = ViewController.swift; sourceTree = "<group>"; };
		6DED05D6283C5F2F00E0DB4C /* Base */ = {isa = PBXFileReference; lastKnownFileType = file.storyboard; name = Base; path = Base.lproj/Main.storyboard; sourceTree = "<group>"; };
		6DED05D9283C5F2F00E0DB4C /* TodoList.xcdatamodel */ = {isa = PBXFileReference; lastKnownFileType = wrapper.xcdatamodel; path = TodoList.xcdatamodel; sourceTree = "<group>"; };
		6DED05DB283C5F3100E0DB4C /* Assets.xcassets */ = {isa = PBXFileReference; lastKnownFileType = folder.assetcatalog; path = Assets.xcassets; sourceTree = "<group>"; };
		6DED05DE283C5F3100E0DB4C /* Base */ = {isa = PBXFileReference; lastKnownFileType = file.storyboard; name = Base; path = Base.lproj/LaunchScreen.storyboard; sourceTree = "<group>"; };
		6DED05E0283C5F3100E0DB4C /* Info.plist */ = {isa = PBXFileReference; lastKnownFileType = text.plist.xml; path = Info.plist; sourceTree = "<group>"; };
		6DED05E5283C5F3100E0DB4C /* TodoListTests.xctest */ = {isa = PBXFileReference; explicitFileType = wrapper.cfbundle; includeInIndex = 0; path = TodoListTests.xctest; sourceTree = BUILT_PRODUCTS_DIR; };
		6DED05E9283C5F3100E0DB4C /* TodoListTests.swift */ = {isa = PBXFileReference; lastKnownFileType = sourcecode.swift; path = TodoListTests.swift; sourceTree = "<group>"; };
		6DED05EF283C5F3100E0DB4C /* TodoListUITests.xctest */ = {isa = PBXFileReference; explicitFileType = wrapper.cfbundle; includeInIndex = 0; path = TodoListUITests.xctest; sourceTree = BUILT_PRODUCTS_DIR; };
		6DED05F3283C5F3100E0DB4C /* TodoListUITests.swift */ = {isa = PBXFileReference; lastKnownFileType = sourcecode.swift; path = TodoListUITests.swift; sourceTree = "<group>"; };
		6DED05F5283C5F3100E0DB4C /* TodoListUITestsLaunchTests.swift */ = {isa = PBXFileReference; lastKnownFileType = sourcecode.swift; path = TodoListUITestsLaunchTests.swift; sourceTree = "<group>"; };
/* End PBXFileReference section */

/* Begin PBXFrameworksBuildPhase section */
		6DED05C9283C5F2F00E0DB4C /* Frameworks */ = {
			isa = PBXFrameworksBuildPhase;
			buildActionMask = 2147483647;
			files = (
			);
			runOnlyForDeploymentPostprocessing = 0;
		};
		6DED05E2283C5F3100E0DB4C /* Frameworks */ = {
			isa = PBXFrameworksBuildPhase;
			buildActionMask = 2147483647;
			files = (
			);
			runOnlyForDeploymentPostprocessing = 0;
		};
		6DED05EC283C5F3100E0DB4C /* Frameworks */ = {
			isa = PBXFrameworksBuildPhase;
			buildActionMask = 2147483647;
			files = (
			);
			runOnlyForDeploymentPostprocessing = 0;
		};
/* End PBXFrameworksBuildPhase section */

/* Begin PBXGroup section */
		6DED05C3283C5F2F00E0DB4C = {
			isa = PBXGroup;
			children = (
				6DED05CE283C5F2F00E0DB4C /* TodoList */,
				6DED05E8283C5F3100E0DB4C /* TodoListTests */,
				6DED05F2283C5F3100E0DB4C /* TodoListUITests */,
				6DED05CD283C5F2F00E0DB4C /* Products */,
			);
			sourceTree = "<group>";
		};
		6DED05CD283C5F2F00E0DB4C /* Products */ = {
			isa = PBXGroup;
			children = (
				6DED05CC283C5F2F00E0DB4C /* TodoList.app */,
				6DED05E5283C5F3100E0DB4C /* TodoListTests.xctest */,
				6DED05EF283C5F3100E0DB4C /* TodoListUITests.xctest */,
			);
			name = Products;
			sourceTree = "<group>";
		};
		6DED05CE283C5F2F00E0DB4C /* TodoList */ = {
			isa = PBXGroup;
			children = (
				6DED05CF283C5F2F00E0DB4C /* AppDelegate.swift */,
				6DED05D1283C5F2F00E0DB4C /* SceneDelegate.swift */,
				6DED05D3283C5F2F00E0DB4C /* ViewController.swift */,
				6DED05D5283C5F2F00E0DB4C /* Main.storyboard */,
				6DED05DB283C5F3100E0DB4C /* Assets.xcassets */,
				6DED05DD283C5F3100E0DB4C /* LaunchScreen.storyboard */,
				6DED05E0283C5F3100E0DB4C /* Info.plist */,
				6DED05D8283C5F2F00E0DB4C /* TodoList.xcdatamodeld */,
			);
			path = TodoList;
			sourceTree = "<group>";
		};
		6DED05E8283C5F3100E0DB4C /* TodoListTests */ = {
			isa = PBXGroup;
			children = (
				6DED05E9283C5F3100E0DB4C /* TodoListTests.swift */,
			);
			path = TodoListTests;
			sourceTree = "<group>";
		};
		6DED05F2283C5F3100E0DB4C /* TodoListUITests */ = {
			isa = PBXGroup;
			children = (
				6DED05F3283C5F3100E0DB4C /* TodoListUITests.swift */,
				6DED05F5283C5F3100E0DB4C /* TodoListUITestsLaunchTests.swift */,
			);
			path = TodoListUITests;
			sourceTree = "<group>";
		};
/* End PBXGroup section */

/* Begin PBXNativeTarget section */
		6DED05CB283C5F2F00E0DB4C /* TodoList */ = {
			isa = PBXNativeTarget;
			buildConfigurationList = 6DED05F9283C5F3100E0DB4C /* Build configuration list for PBXNativeTarget "TodoList" */;
			buildPhases = (
				6DED05C8283C5F2F00E0DB4C /* Sources */,
				6DED05C9283C5F2F00E0DB4C /* Frameworks */,
				6DED05CA283C5F2F00E0DB4C /* Resources */,
			);
			buildRules = (
			);
			dependencies = (
			);
			name = TodoList;
			productName = TodoList;
			productReference = 6DED05CC283C5F2F00E0DB4C /* TodoList.app */;
			productType = "com.apple.product-type.application";
		};
		6DED05E4283C5F3100E0DB4C /* TodoListTests */ = {
			isa = PBXNativeTarget;
			buildConfigurationList = 6DED05FC283C5F3100E0DB4C /* Build configuration list for PBXNativeTarget "TodoListTests" */;
			buildPhases = (
				6DED05E1283C5F3100E0DB4C /* Sources */,
				6DED05E2283C5F3100E0DB4C /* Frameworks */,
				6DED05E3283C5F3100E0DB4C /* Resources */,
			);
			buildRules = (
			);
			dependencies = (
				6DED05E7283C5F3100E0DB4C /* PBXTargetDependency */,
			);
			name = TodoListTests;
			productName = TodoListTests;
			productReference = 6DED05E5283C5F3100E0DB4C /* TodoListTests.xctest */;
			productType = "com.apple.product-type.bundle.unit-test";
		};
		6DED05EE283C5F3100E0DB4C /* TodoListUITests */ = {
			isa = PBXNativeTarget;
			buildConfigurationList = 6DED05FF283C5F3100E0DB4C /* Build configuration list for PBXNativeTarget "TodoListUITests" */;
			buildPhases = (
				6DED05EB283C5F3100E0DB4C /* Sources */,
				6DED05EC283C5F3100E0DB4C /* Frameworks */,
				6DED05ED283C5F3100E0DB4C /* Resources */,
			);
			buildRules = (
			);
			dependencies = (
				6DED05F1283C5F3100E0DB4C /* PBXTargetDependency */,
			);
			name = TodoListUITests;
			productName = TodoListUITests;
			productReference = 6DED05EF283C5F3100E0DB4C /* TodoListUITests.xctest */;
			productType = "com.apple.product-type.bundle.ui-testing";
		};
/* End PBXNativeTarget section */

/* Begin PBXProject section */
		6DED05C4283C5F2F00E0DB4C /* Project object */ = {
			isa = PBXProject;
			attributes = {
				BuildIndependentTargetsInParallel = 1;
				LastSwiftUpdateCheck = 1340;
				LastUpgradeCheck = 1340;
				TargetAttributes = {
					6DED05CB283C5F2F00E0DB4C = {
						CreatedOnToolsVersion = 13.4;
					};
					6DED05E4283C5F3100E0DB4C = {
						CreatedOnToolsVersion = 13.4;
						TestTargetID = 6DED05CB283C5F2F00E0DB4C;
					};
					6DED05EE283C5F3100E0DB4C = {
						CreatedOnToolsVersion = 13.4;
						TestTargetID = 6DED05CB283C5F2F00E0DB4C;
					};
				};
			};
			buildConfigurationList = 6DED05C7283C5F2F00E0DB4C /* Build configuration list for PBXProject "TodoList" */;
			compatibilityVersion = "Xcode 13.0";
			developmentRegion = en;
			hasScannedForEncodings = 0;
			knownRegions = (
				en,
				Base,
			);
			mainGroup = 6DED05C3283C5F2F00E0DB4C;
			productRefGroup = 6DED05CD283C5F2F00E0DB4C /* Products */;
			projectDirPath = "";
			projectRoot = "";
			targets = (
				6DED05CB283C5F2F00E0DB4C /* TodoList */,
				6DED05E4283C5F3100E0DB4C /* TodoListTests */,
				6DED05EE283C5F3100E0DB4C /* TodoListUITests */,
			);
		};
/* End PBXProject section */

/* Begin PBXResourcesBuildPhase section */
		6DED05CA283C5F2F00E0DB4C /* Resources */ = {
			isa = PBXResourcesBuildPhase;
			buildActionMask = 2147483647;
			files = (
				6DED05DF283C5F3100E0DB4C /* LaunchScreen.storyboard in Resources */,
				6DED05DC283C5F3100E0DB4C /* Assets.xcassets in Resources */,
				6DED05D7283C5F2F00E0DB4C /* Main.storyboard in Resources */,
			);
			runOnlyForDeploymentPostprocessing = 0;
		};
		6DED05E3283C5F3100E0DB4C /* Resources */ = {
			isa = PBXResourcesBuildPhase;
			buildActionMask = 2147483647;
			files = (
			);
			runOnlyForDeploymentPostprocessing = 0;
		};
		6DED05ED283C5F3100E0DB4C /* Resources */ = {
			isa = PBXResourcesBuildPhase;
			buildActionMask = 2147483647;
			files = (
			);
			runOnlyForDeploymentPostprocessing = 0;
		};
/* End PBXResourcesBuildPhase section */

/* Begin PBXSourcesBuildPhase section */
		6DED05C8283C5F2F00E0DB4C /* Sources */ = {
			isa = PBXSourcesBuildPhase;
			buildActionMask = 2147483647;
			files = (
				6DED05D4283C5F2F00E0DB4C /* ViewController.swift in Sources */,
				6DED05D0283C5F2F00E0DB4C /* AppDelegate.swift in Sources */,
				6DED05D2283C5F2F00E0DB4C /* SceneDelegate.swift in Sources */,
				6DED05DA283C5F2F00E0DB4C /* TodoList.xcdatamodeld in Sources */,
			);
			runOnlyForDeploymentPostprocessing = 0;
		};
		6DED05E1283C5F3100E0DB4C /* Sources */ = {
			isa = PBXSourcesBuildPhase;
			buildActionMask = 2147483647;
			files = (
				6DED05EA283C5F3100E0DB4C /* TodoListTests.swift in Sources */,
			);
			runOnlyForDeploymentPostprocessing = 0;
		};
		6DED05EB283C5F3100E0DB4C /* Sources */ = {
			isa = PBXSourcesBuildPhase;
			buildActionMask = 2147483647;
			files = (
				6DED05F6283C5F3100E0DB4C /* TodoListUITestsLaunchTests.swift in Sources */,
				6DED05F4283C5F3100E0DB4C /* TodoListUITests.swift in Sources */,
			);
			runOnlyForDeploymentPostprocessing = 0;
		};
/* End PBXSourcesBuildPhase section */

/* Begin PBXTargetDependency section */
		6DED05E7283C5F3100E0DB4C /* PBXTargetDependency */ = {
			isa = PBXTargetDependency;
			target = 6DED05CB283C5F2F00E0DB4C /* TodoList */;
			targetProxy = 6DED05E6283C5F3100E0DB4C /* PBXContainerItemProxy */;
		};
		6DED05F1283C5F3100E0DB4C /* PBXTargetDependency */ = {
			isa = PBXTargetDependency;
			target = 6DED05CB283C5F2F00E0DB4C /* TodoList */;
			targetProxy = 6DED05F0283C5F3100E0DB4C /* PBXContainerItemProxy */;
		};
/* End PBXTargetDependency section */

/* Begin PBXVariantGroup section */
		6DED05D5283C5F2F00E0DB4C /* Main.storyboard */ = {
			isa = PBXVariantGroup;
			children = (
				6DED05D6283C5F2F00E0DB4C /* Base */,
			);
			name = Main.storyboard;
			sourceTree = "<group>";
		};
		6DED05DD283C5F3100E0DB4C /* LaunchScreen.storyboard */ = {
			isa = PBXVariantGroup;
			children = (
				6DED05DE283C5F3100E0DB4C /* Base */,
			);
			name = LaunchScreen.storyboard;
			sourceTree = "<group>";
		};
/* End PBXVariantGroup section */

/* Begin XCBuildConfiguration section */
		6DED05F7283C5F3100E0DB4C /* Debug */ = {
			isa = XCBuildConfiguration;
			buildSettings = {
				ALWAYS_SEARCH_USER_PATHS = NO;
				CLANG_ANALYZER_NONNULL = YES;
				CLANG_ANALYZER_NUMBER_OBJECT_CONVERSION = YES_AGGRESSIVE;
				CLANG_CXX_LANGUAGE_STANDARD = "gnu++17";
				CLANG_ENABLE_MODULES = YES;
				CLANG_ENABLE_OBJC_ARC = YES;
				CLANG_ENABLE_OBJC_WEAK = YES;
				CLANG_WARN_BLOCK_CAPTURE_AUTORELEASING = YES;
				CLANG_WARN_BOOL_CONVERSION = YES;
				CLANG_WARN_COMMA = YES;
				CLANG_WARN_CONSTANT_CONVERSION = YES;
				CLANG_WARN_DEPRECATED_OBJC_IMPLEMENTATIONS = YES;
				CLANG_WARN_DIRECT_OBJC_ISA_USAGE = YES_ERROR;
				CLANG_WARN_DOCUMENTATION_COMMENTS = YES;
				CLANG_WARN_EMPTY_BODY = YES;
				CLANG_WARN_ENUM_CONVERSION = YES;
				CLANG_WARN_INFINITE_RECURSION = YES;
				CLANG_WARN_INT_CONVERSION = YES;
				CLANG_WARN_NON_LITERAL_NULL_CONVERSION = YES;
				CLANG_WARN_OBJC_IMPLICIT_RETAIN_SELF = YES;
				CLANG_WARN_OBJC_LITERAL_CONVERSION = YES;
				CLANG_WARN_OBJC_ROOT_CLASS = YES_ERROR;
				CLANG_WARN_QUOTED_INCLUDE_IN_FRAMEWORK_HEADER = YES;
				CLANG_WARN_RANGE_LOOP_ANALYSIS = YES;
				CLANG_WARN_STRICT_PROTOTYPES = YES;
				CLANG_WARN_SUSPICIOUS_MOVE = YES;
				CLANG_WARN_UNGUARDED_AVAILABILITY = YES_AGGRESSIVE;
				CLANG_WARN_UNREACHABLE_CODE = YES;
				CLANG_WARN__DUPLICATE_METHOD_MATCH = YES;
				COPY_PHASE_STRIP = NO;
				DEBUG_INFORMATION_FORMAT = dwarf;
				ENABLE_STRICT_OBJC_MSGSEND = YES;
				ENABLE_TESTABILITY = YES;
				GCC_C_LANGUAGE_STANDARD = gnu11;
				GCC_DYNAMIC_NO_PIC = NO;
				GCC_NO_COMMON_BLOCKS = YES;
				GCC_OPTIMIZATION_LEVEL = 0;
				GCC_PREPROCESSOR_DEFINITIONS = (
					"DEBUG=1",
					"$(inherited)",
				);
				GCC_WARN_64_TO_32_BIT_CONVERSION = YES;
				GCC_WARN_ABOUT_RETURN_TYPE = YES_ERROR;
				GCC_WARN_UNDECLARED_SELECTOR = YES;
				GCC_WARN_UNINITIALIZED_AUTOS = YES_AGGRESSIVE;
				GCC_WARN_UNUSED_FUNCTION = YES;
				GCC_WARN_UNUSED_VARIABLE = YES;
				IPHONEOS_DEPLOYMENT_TARGET = 15.5;
				MTL_ENABLE_DEBUG_INFO = INCLUDE_SOURCE;
				MTL_FAST_MATH = YES;
				ONLY_ACTIVE_ARCH = YES;
				SDKROOT = iphoneos;
				SWIFT_ACTIVE_COMPILATION_CONDITIONS = DEBUG;
				SWIFT_OPTIMIZATION_LEVEL = "-Onone";
			};
			name = Debug;
		};
		6DED05F8283C5F3100E0DB4C /* Release */ = {
			isa = XCBuildConfiguration;
			buildSettings = {
				ALWAYS_SEARCH_USER_PATHS = NO;
				CLANG_ANALYZER_NONNULL = YES;
				CLANG_ANALYZER_NUMBER_OBJECT_CONVERSION = YES_AGGRESSIVE;
				CLANG_CXX_LANGUAGE_STANDARD = "gnu++17";
				CLANG_ENABLE_MODULES = YES;
				CLANG_ENABLE_OBJC_ARC = YES;
				CLANG_ENABLE_OBJC_WEAK = YES;
				CLANG_WARN_BLOCK_CAPTURE_AUTORELEASING = YES;
				CLANG_WARN_BOOL_CONVERSION = YES;
				CLANG_WARN_COMMA = YES;
				CLANG_WARN_CONSTANT_CONVERSION = YES;
				CLANG_WARN_DEPRECATED_OBJC_IMPLEMENTATIONS = YES;
				CLANG_WARN_DIRECT_OBJC_ISA_USAGE = YES_ERROR;
				CLANG_WARN_DOCUMENTATION_COMMENTS = YES;
				CLANG_WARN_EMPTY_BODY = YES;
				CLANG_WARN_ENUM_CONVERSION = YES;
				CLANG_WARN_INFINITE_RECURSION = YES;
				CLANG_WARN_INT_CONVERSION = YES;
				CLANG_WARN_NON_LITERAL_NULL_CONVERSION = YES;
				CLANG_WARN_OBJC_IMPLICIT_RETAIN_SELF = YES;
				CLANG_WARN_OBJC_LITERAL_CONVERSION = YES;
				CLANG_WARN_OBJC_ROOT_CLASS = YES_ERROR;
				CLANG_WARN_QUOTED_INCLUDE_IN_FRAMEWORK_HEADER = YES;
				CLANG_WARN_RANGE_LOOP_ANALYSIS = YES;
				CLANG_WARN_STRICT_PROTOTYPES = YES;
				CLANG_WARN_SUSPICIOUS_MOVE = YES;
				CLANG_WARN_UNGUARDED_AVAILABILITY = YES_AGGRESSIVE;
				CLANG_WARN_UNREACHABLE_CODE = YES;
				CLANG_WARN__DUPLICATE_METHOD_MATCH = YES;
				COPY_PHASE_STRIP = NO;
				DEBUG_INFORMATION_FORMAT = "dwarf-with-dsym";
				ENABLE_NS_ASSERTIONS = NO;
				ENABLE_STRICT_OBJC_MSGSEND = YES;
				GCC_C_LANGUAGE_STANDARD = gnu11;
				GCC_NO_COMMON_BLOCKS = YES;
				GCC_WARN_64_TO_32_BIT_CONVERSION = YES;
				GCC_WARN_ABOUT_RETURN_TYPE = YES_ERROR;
				GCC_WARN_UNDECLARED_SELECTOR = YES;
				GCC_WARN_UNINITIALIZED_AUTOS = YES_AGGRESSIVE;
				GCC_WARN_UNUSED_FUNCTION = YES;
				GCC_WARN_UNUSED_VARIABLE = YES;
				IPHONEOS_DEPLOYMENT_TARGET = 15.5;
				MTL_ENABLE_DEBUG_INFO = NO;
				MTL_FAST_MATH = YES;
				SDKROOT = iphoneos;
				SWIFT_COMPILATION_MODE = wholemodule;
				SWIFT_OPTIMIZATION_LEVEL = "-O";
				VALIDATE_PRODUCT = YES;
			};
			name = Release;
		};
		6DED05FA283C5F3100E0DB4C /* Debug */ = {
			isa = XCBuildConfiguration;
			buildSettings = {
				ASSETCATALOG_COMPILER_APPICON_NAME = AppIcon;
				ASSETCATALOG_COMPILER_GLOBAL_ACCENT_COLOR_NAME = AccentColor;
				CODE_SIGN_STYLE = Automatic;
				CURRENT_PROJECT_VERSION = 1;
				DEVELOPMENT_TEAM = VD2U5Y7Z2L;
				GENERATE_INFOPLIST_FILE = YES;
				INFOPLIST_FILE = TodoList/Info.plist;
				INFOPLIST_KEY_UIApplicationSupportsIndirectInputEvents = YES;
				INFOPLIST_KEY_UILaunchStoryboardName = LaunchScreen;
				INFOPLIST_KEY_UIMainStoryboardFile = Main;
				INFOPLIST_KEY_UISupportedInterfaceOrientations_iPad = "UIInterfaceOrientationPortrait UIInterfaceOrientationPortraitUpsideDown UIInterfaceOrientationLandscapeLeft UIInterfaceOrientationLandscapeRight";
				INFOPLIST_KEY_UISupportedInterfaceOrientations_iPhone = "UIInterfaceOrientationPortrait UIInterfaceOrientationLandscapeLeft UIInterfaceOrientationLandscapeRight";
				LD_RUNPATH_SEARCH_PATHS = (
					"$(inherited)",
					"@executable_path/Frameworks",
				);
				MARKETING_VERSION = 1.0;
				PRODUCT_BUNDLE_IDENTIFIER = br.com.carlapaiva.TodoList;
				PRODUCT_NAME = "$(TARGET_NAME)";
				SWIFT_EMIT_LOC_STRINGS = YES;
				SWIFT_VERSION = 5.0;
				TARGETED_DEVICE_FAMILY = "1,2";
			};
			name = Debug;
		};
		6DED05FB283C5F3100E0DB4C /* Release */ = {
			isa = XCBuildConfiguration;
			buildSettings = {
				ASSETCATALOG_COMPILER_APPICON_NAME = AppIcon;
				ASSETCATALOG_COMPILER_GLOBAL_ACCENT_COLOR_NAME = AccentColor;
				CODE_SIGN_STYLE = Automatic;
				CURRENT_PROJECT_VERSION = 1;
				DEVELOPMENT_TEAM = VD2U5Y7Z2L;
				GENERATE_INFOPLIST_FILE = YES;
				INFOPLIST_FILE = TodoList/Info.plist;
				INFOPLIST_KEY_UIApplicationSupportsIndirectInputEvents = YES;
				INFOPLIST_KEY_UILaunchStoryboardName = LaunchScreen;
				INFOPLIST_KEY_UIMainStoryboardFile = Main;
				INFOPLIST_KEY_UISupportedInterfaceOrientations_iPad = "UIInterfaceOrientationPortrait UIInterfaceOrientationPortraitUpsideDown UIInterfaceOrientationLandscapeLeft UIInterfaceOrientationLandscapeRight";
				INFOPLIST_KEY_UISupportedInterfaceOrientations_iPhone = "UIInterfaceOrientationPortrait UIInterfaceOrientationLandscapeLeft UIInterfaceOrientationLandscapeRight";
				LD_RUNPATH_SEARCH_PATHS = (
					"$(inherited)",
					"@executable_path/Frameworks",
				);
				MARKETING_VERSION = 1.0;
				PRODUCT_BUNDLE_IDENTIFIER = br.com.carlapaiva.TodoList;
				PRODUCT_NAME = "$(TARGET_NAME)";
				SWIFT_EMIT_LOC_STRINGS = YES;
				SWIFT_VERSION = 5.0;
				TARGETED_DEVICE_FAMILY = "1,2";
			};
			name = Release;
		};
		6DED05FD283C5F3100E0DB4C /* Debug */ = {
			isa = XCBuildConfiguration;
			buildSettings = {
				ALWAYS_EMBED_SWIFT_STANDARD_LIBRARIES = YES;
				BUNDLE_LOADER = "$(TEST_HOST)";
				CODE_SIGN_STYLE = Automatic;
				CURRENT_PROJECT_VERSION = 1;
				DEVELOPMENT_TEAM = VD2U5Y7Z2L;
				GENERATE_INFOPLIST_FILE = YES;
				IPHONEOS_DEPLOYMENT_TARGET = 15.5;
				MARKETING_VERSION = 1.0;
				PRODUCT_BUNDLE_IDENTIFIER = br.com.carlapaiva.TodoListTests;
				PRODUCT_NAME = "$(TARGET_NAME)";
				SWIFT_EMIT_LOC_STRINGS = NO;
				SWIFT_VERSION = 5.0;
				TARGETED_DEVICE_FAMILY = "1,2";
				TEST_HOST = "$(BUILT_PRODUCTS_DIR)/TodoList.app/TodoList";
			};
			name = Debug;
		};
		6DED05FE283C5F3100E0DB4C /* Release */ = {
			isa = XCBuildConfiguration;
			buildSettings = {
				ALWAYS_EMBED_SWIFT_STANDARD_LIBRARIES = YES;
				BUNDLE_LOADER = "$(TEST_HOST)";
				CODE_SIGN_STYLE = Automatic;
				CURRENT_PROJECT_VERSION = 1;
				DEVELOPMENT_TEAM = VD2U5Y7Z2L;
				GENERATE_INFOPLIST_FILE = YES;
				IPHONEOS_DEPLOYMENT_TARGET = 15.5;
				MARKETING_VERSION = 1.0;
				PRODUCT_BUNDLE_IDENTIFIER = br.com.carlapaiva.TodoListTests;
				PRODUCT_NAME = "$(TARGET_NAME)";
				SWIFT_EMIT_LOC_STRINGS = NO;
				SWIFT_VERSION = 5.0;
				TARGETED_DEVICE_FAMILY = "1,2";
				TEST_HOST = "$(BUILT_PRODUCTS_DIR)/TodoList.app/TodoList";
			};
			name = Release;
		};
		6DED0600283C5F3100E0DB4C /* Debug */ = {
			isa = XCBuildConfiguration;
			buildSettings = {
				ALWAYS_EMBED_SWIFT_STANDARD_LIBRARIES = YES;
				CODE_SIGN_STYLE = Automatic;
				CURRENT_PROJECT_VERSION = 1;
				DEVELOPMENT_TEAM = VD2U5Y7Z2L;
				GENERATE_INFOPLIST_FILE = YES;
				MARKETING_VERSION = 1.0;
				PRODUCT_BUNDLE_IDENTIFIER = br.com.carlapaiva.TodoListUITests;
				PRODUCT_NAME = "$(TARGET_NAME)";
				SWIFT_EMIT_LOC_STRINGS = NO;
				SWIFT_VERSION = 5.0;
				TARGETED_DEVICE_FAMILY = "1,2";
				TEST_TARGET_NAME = TodoList;
			};
			name = Debug;
		};
		6DED0601283C5F3100E0DB4C /* Release */ = {
			isa = XCBuildConfiguration;
			buildSettings = {
				ALWAYS_EMBED_SWIFT_STANDARD_LIBRARIES = YES;
				CODE_SIGN_STYLE = Automatic;
				CURRENT_PROJECT_VERSION = 1;
				DEVELOPMENT_TEAM = VD2U5Y7Z2L;
				GENERATE_INFOPLIST_FILE = YES;
				MARKETING_VERSION = 1.0;
				PRODUCT_BUNDLE_IDENTIFIER = br.com.carlapaiva.TodoListUITests;
				PRODUCT_NAME = "$(TARGET_NAME)";
				SWIFT_EMIT_LOC_STRINGS = NO;
				SWIFT_VERSION = 5.0;
				TARGETED_DEVICE_FAMILY = "1,2";
				TEST_TARGET_NAME = TodoList;
			};
			name = Release;
		};
/* End XCBuildConfiguration section */

/* Begin XCConfigurationList section */
		6DED05C7283C5F2F00E0DB4C /* Build configuration list for PBXProject "TodoList" */ = {
			isa = XCConfigurationList;
			buildConfigurations = (
				6DED05F7283C5F3100E0DB4C /* Debug */,
				6DED05F8283C5F3100E0DB4C /* Release */,
			);
			defaultConfigurationIsVisible = 0;
			defaultConfigurationName = Release;
		};
		6DED05F9283C5F3100E0DB4C /* Build configuration list for PBXNativeTarget "TodoList" */ = {
			isa = XCConfigurationList;
			buildConfigurations = (
				6DED05FA283C5F3100E0DB4C /* Debug */,
				6DED05FB283C5F3100E0DB4C /* Release */,
			);
			defaultConfigurationIsVisible = 0;
			defaultConfigurationName = Release;
		};
		6DED05FC283C5F3100E0DB4C /* Build configuration list for PBXNativeTarget "TodoListTests" */ = {
			isa = XCConfigurationList;
			buildConfigurations = (
				6DED05FD283C5F3100E0DB4C /* Debug */,
				6DED05FE283C5F3100E0DB4C /* Release */,
			);
			defaultConfigurationIsVisible = 0;
			defaultConfigurationName = Release;
		};
		6DED05FF283C5F3100E0DB4C /* Build configuration list for PBXNativeTarget "TodoListUITests" */ = {
			isa = XCConfigurationList;
			buildConfigurations = (
				6DED0600283C5F3100E0DB4C /* Debug */,
				6DED0601283C5F3100E0DB4C /* Release */,
			);
			defaultConfigurationIsVisible = 0;
			defaultConfigurationName = Release;
		};
/* End XCConfigurationList section */

/* Begin XCVersionGroup section */
		6DED05D8283C5F2F00E0DB4C /* TodoList.xcdatamodeld */ = {
			isa = XCVersionGroup;
			children = (
				6DED05D9283C5F2F00E0DB4C /* TodoList.xcdatamodel */,
			);
			currentVersion = 6DED05D9283C5F2F00E0DB4C /* TodoList.xcdatamodel */;
			path = TodoList.xcdatamodeld;
			sourceTree = "<group>";
			versionGroupType = wrapper.xcdatamodel;
		};
/* End XCVersionGroup section */
	};
	rootObject = 6DED05C4283C5F2F00E0DB4C /* Project object */;
}
